
Microsoft Visual Studio Solution File, Format Version 12.00
# Visual Studio 14
VisualStudioVersion = 14.0.23107.0
MinimumVisualStudioVersion = 10.0.40219.1
Project("{FAE04EC0-301F-11D3-BF4B-00C04F79EFBC}") = "CamadaDados", "CamadaDados\CamadaDados.csproj", "{0FF8B5CC-C077-457D-BB9E-9073346D7610}"
EndProject
Project("{FAE04EC0-301F-11D3-BF4B-00C04F79EFBC}") = "CamadaMetaDados", "CamadaMetaDados\CamadaMetaDados.csproj", "{2B1F1207-4F36-4814-9D13-28531C93807F}"
EndProject
Project("{FAE04EC0-301F-11D3-BF4B-00C04F79EFBC}") = "CamadaNegocio", "CamadaNegocio\CamadaNegocio.csproj", "{C081C6B6-219B-4065-BD63-8A38C37C5C33}"
EndProject
Project("{FAE04EC0-301F-11D3-BF4B-00C04F79EFBC}") = "CamadaInterfaceUsuario", "CamadaInterfaceUsuario\CamadaInterfaceUsuario.csproj", "{EC6BC655-99F3-4989-8A7E-338E59F16759}"
EndProject
Global
	GlobalSection(SolutionConfigurationPlatforms) = preSolution
		Debug|Any CPU = Debug|Any CPU
		Release|Any CPU = Release|Any CPU
	EndGlobalSection
	GlobalSection(ProjectConfigurationPlatforms) = postSolution
		{0FF8B5CC-C077-457D-BB9E-9073346D7610}.Debug|Any CPU.ActiveCfg = Debug|Any CPU
		{0FF8B5CC-C077-457D-BB9E-9073346D7610}.Debug|Any CPU.Build.0 = Debug|Any CPU
		{0FF8B5CC-C077-457D-BB9E-9073346D7610}.Release|Any CPU.ActiveCfg = Release|Any CPU
		{0FF8B5CC-C077-457D-BB9E-9073346D7610}.Release|Any CPU.Build.0 = Release|Any CPU
		{2B1F1207-4F36-4814-9D13-28531C93807F}.Debug|Any CPU.ActiveCfg = Debug|Any CPU
		{2B1F1207-4F36-4814-9D13-28531C93807F}.Debug|Any CPU.Build.0 = Debug|Any CPU
		{2B1F1207-4F36-4814-9D13-28531C93807F}.Release|Any CPU.ActiveCfg = Release|Any CPU
		{2B1F1207-4F36-4814-9D13-28531C93807F}.Release|Any CPU.Build.0 = Release|Any CPU
		{C081C6B6-219B-4065-BD63-8A38C37C5C33}.Debug|Any CPU.ActiveCfg = Debug|Any CPU
		{C081C6B6-219B-4065-BD63-8A38C37C5C33}.Debug|Any CPU.Build.0 = Debug|Any CPU
		{C081C6B6-219B-4065-BD63-8A38C37C5C33}.Release|Any CPU.ActiveCfg = Release|Any CPU
		{C081C6B6-219B-4065-BD63-8A38C37C5C33}.Release|Any CPU.Build.0 = Release|Any CPU
		{EC6BC655-99F3-4989-8A7E-338E59F16759}.Debug|Any CPU.ActiveCfg = Debug|Any CPU
		{EC6BC655-99F3-4989-8A7E-338E59F16759}.Debug|Any CPU.Build.0 = Debug|Any CPU
		{EC6BC655-99F3-4989-8A7E-338E59F16759}.Release|Any CPU.ActiveCfg = Release|Any CPU
		{EC6BC655-99F3-4989-8A7E-338E59F16759}.Release|Any CPU.Build.0 = Release|Any CPU
	EndGlobalSection
	GlobalSection(SolutionProperties) = preSolution
		HideSolutionNode = FALSE
	EndGlobalSection
EndGlobal
